
Microsoft Visual Studio Solution File, Format Version 12.00
# Visual Studio 15
VisualStudioVersion = 15.0.28307.2092
MinimumVisualStudioVersion = 10.0.40219.1
Project("{FAE04EC0-301F-11D3-BF4B-00C04F79EFBC}") = "KanBankasıYönetimUygulaması", "KanBankasıYönetimUygulaması\KanBankasıYönetimUygulaması.csproj", "{0D0AE5A5-EEE5-4B4C-89F2-EC9BB02B9334}"
EndProject
Project("{54435603-DBB4-11D2-8724-00A0C9A8B90C}") = "Kan Bankası Uygulması Otomasyonu", "Kan Bankası Uygulması Otomasyonu\Kan Bankası Uygulması Otomasyonu.vdproj", "{5E584243-6859-4737-B560-0E291BED1F61}"
EndProject
Global
	GlobalSection(SolutionConfigurationPlatforms) = preSolution
		Debug|Any CPU = Debug|Any CPU
		Release|Any CPU = Release|Any CPU
	EndGlobalSection
	GlobalSection(ProjectConfigurationPlatforms) = postSolution
		{0D0AE5A5-EEE5-4B4C-89F2-EC9BB02B9334}.Debug|Any CPU.ActiveCfg = Debug|Any CPU
		{0D0AE5A5-EEE5-4B4C-89F2-EC9BB02B9334}.Debug|Any CPU.Build.0 = Debug|Any CPU
		{0D0AE5A5-EEE5-4B4C-89F2-EC9BB02B9334}.Release|Any CPU.ActiveCfg = Release|Any CPU
		{0D0AE5A5-EEE5-4B4C-89F2-EC9BB02B9334}.Release|Any CPU.Build.0 = Release|Any CPU
		{5E584243-6859-4737-B560-0E291BED1F61}.Debug|Any CPU.ActiveCfg = Debug
		{5E584243-6859-4737-B560-0E291BED1F61}.Release|Any CPU.ActiveCfg = Release
	EndGlobalSection
	GlobalSection(SolutionProperties) = preSolution
		HideSolutionNode = FALSE
	EndGlobalSection
	GlobalSection(ExtensibilityGlobals) = postSolution
		SolutionGuid = {068FB9E5-6287-4D2A-B66C-1986602F172B}
	EndGlobalSection
EndGlobal
